
Microsoft Visual Studio Solution File, Format Version 12.00
# Visual Studio 15
VisualStudioVersion = 15.0.28010.2003
MinimumVisualStudioVersion = 10.0.40219.1
Project("{FAE04EC0-301F-11D3-BF4B-00C04F79EFBC}") = "BeatSaberCustomCampaigns", "BeatSaberCustomCampaigns\BeatSaberCustomCampaigns.csproj", "{80406121-BA7C-48BA-80ED-917449CA2AF3}"
EndProject
Global
	GlobalSection(SolutionConfigurationPlatforms) = preSolution
		Debug|Any CPU = Debug|Any CPU
		Release|Any CPU = Release|Any CPU
	EndGlobalSection
	GlobalSection(ProjectConfigurationPlatforms) = postSolution
		{80406121-BA7C-48BA-80ED-917449CA2AF3}.Debug|Any CPU.ActiveCfg = Debug|Any CPU
		{80406121-BA7C-48BA-80ED-917449CA2AF3}.Debug|Any CPU.Build.0 = Debug|Any CPU
		{80406121-BA7C-48BA-80ED-917449CA2AF3}.Release|Any CPU.ActiveCfg = Release|Any CPU
		{80406121-BA7C-48BA-80ED-917449CA2AF3}.Release|Any CPU.Build.0 = Release|Any CPU
	EndGlobalSection
	GlobalSection(SolutionProperties) = preSolution
		HideSolutionNode = FALSE
	EndGlobalSection
	GlobalSection(ExtensibilityGlobals) = postSolution
		SolutionGuid = {EB88EE13-E09A-4887-BC99-2FBFAE37C1C2}
	EndGlobalSection
EndGlobal
